<?xml version="1.0" encoding="utf-8"?>
<Project ToolsVersion="4.0" xmlns="http://schemas.microsoft.com/developer/msbuild/2003">
  <ItemGroup>
    <Filter Include="소스 파일">
      <UniqueIdentifier>{4FC737F1-C7A5-4376-A066-2A32D752A2FF}</UniqueIdentifier>
      <Extensions>cpp;c;cc;cxx;def;odl;idl;hpj;bat;asm;asmx</Extensions>
    </Filter>
    <Filter Include="헤더 파일">
      <UniqueIdentifier>{93995380-89BD-4b04-88EB-625FBE52EBFB}</UniqueIdentifier>
      <Extensions>h;hh;hpp;hxx;hm;inl;inc;ipp;xsd</Extensions>
    </Filter>
    <Filter Include="리소스 파일">
      <UniqueIdentifier>{67DA6AB6-F800-4c08-8B7A-83BB121AAD01}</UniqueIdentifier>
      <Extensions>rc;ico;cur;bmp;dlg;rc2;rct;bin;rgs;gif;jpg;jpeg;jpe;resx;tiff;tif;png;wav;mfcribbon-ms</Extensions>
    </Filter>
    <Filter Include="Shader">
      <UniqueIdentifier>{2d1319bb-c6ec-44f3-ab2e-ec326ca087c0}</UniqueIdentifier>
    </Filter>
    <Filter Include="Components">
      <UniqueIdentifier>{711ff013-d6cc-471d-ad7d-7077151e552d}</UniqueIdentifier>
    </Filter>
  </ItemGroup>
  <ItemGroup>
    <ClCompile Include="glad.c">
      <Filter>소스 파일</Filter>
    </ClCompile>
    <ClCompile Include="main.cpp">
      <Filter>소스 파일</Filter>
    </ClCompile>
    <ClCompile Include="ShaderManager.cpp">
      <Filter>소스 파일</Filter>
    </ClCompile>
    <ClCompile Include="Camera.cpp">
      <Filter>소스 파일</Filter>
    </ClCompile>
    <ClCompile Include="..\Includes\Component\Component.cpp">
      <Filter>Components</Filter>
    </ClCompile>
    <ClCompile Include="..\Includes\Component\GameObject.cpp">
      <Filter>Components</Filter>
    </ClCompile>
    <ClCompile Include="..\Includes\Component\Transform.cpp">
      <Filter>Components</Filter>
    </ClCompile>
  </ItemGroup>
  <ItemGroup>
    <ClInclude Include="ShaderManager.h">
      <Filter>헤더 파일</Filter>
    </ClInclude>
    <ClInclude Include="Camera.h">
      <Filter>헤더 파일</Filter>
    </ClInclude>
    <ClInclude Include="..\Includes\Component\Component.h">
      <Filter>Components</Filter>
    </ClInclude>
    <ClInclude Include="..\Includes\Component\GameObject.h">
      <Filter>Components</Filter>
    </ClInclude>
    <ClInclude Include="..\Includes\Component\Singleton.h">
      <Filter>Components</Filter>
    </ClInclude>
    <ClInclude Include="..\Includes\Component\Transform.h">
      <Filter>Components</Filter>
    </ClInclude>
  </ItemGroup>
  <ItemGroup>
    <None Include="..\Shader\shader.fs">
      <Filter>Shader</Filter>
    </None>
    <None Include="..\Shader\shader.vs">
      <Filter>Shader</Filter>
    </None>
    <None Include="..\Shader\AmbientShader.fs">
      <Filter>Shader</Filter>
    </None>
    <None Include="..\Shader\AmbientShader.vs">
      <Filter>Shader</Filter>
    </None>
    <None Include="..\Shader\DefaultShader.fs">
      <Filter>Shader</Filter>
    </None>
    <None Include="..\Shader\DefaultShader.vs">
      <Filter>Shader</Filter>
    </None>
  </ItemGroup>
</Project>